
Microsoft Visual Studio Solution File, Format Version 12.00
# Visual Studio Version 17
VisualStudioVersion = 17.10.35013.160
MinimumVisualStudioVersion = 10.0.40219.1
Project("{FAE04EC0-301F-11D3-BF4B-00C04F79EFBC}") = "AulaProjeto2", "AulaProjeto2.csproj", "{6E78C8D8-662B-415F-B37A-A8D548AC1F5C}"
EndProject
Global
	GlobalSection(SolutionConfigurationPlatforms) = preSolution
		Debug|Any CPU = Debug|Any CPU
		Release|Any CPU = Release|Any CPU
	EndGlobalSection
	GlobalSection(ProjectConfigurationPlatforms) = postSolution
		{6E78C8D8-662B-415F-B37A-A8D548AC1F5C}.Debug|Any CPU.ActiveCfg = Debug|Any CPU
		{6E78C8D8-662B-415F-B37A-A8D548AC1F5C}.Debug|Any CPU.Build.0 = Debug|Any CPU
		{6E78C8D8-662B-415F-B37A-A8D548AC1F5C}.Release|Any CPU.ActiveCfg = Release|Any CPU
		{6E78C8D8-662B-415F-B37A-A8D548AC1F5C}.Release|Any CPU.Build.0 = Release|Any CPU
	EndGlobalSection
	GlobalSection(SolutionProperties) = preSolution
		HideSolutionNode = FALSE
	EndGlobalSection
	GlobalSection(ExtensibilityGlobals) = postSolution
		SolutionGuid = {377190DA-2F06-4ACC-A6EC-5E2EF524AFA5}
	EndGlobalSection
EndGlobal
